
Microsoft Visual Studio Solution File, Format Version 12.00
# Visual Studio Version 16
VisualStudioVersion = 16.0.30503.244
MinimumVisualStudioVersion = 10.0.40219.1
Project("{FAE04EC0-301F-11D3-BF4B-00C04F79EFBC}") = "Ejercicio_2_2_12_1", "Ejercicio_2_2_12_1\Ejercicio_2_2_12_1.csproj", "{FDDFA153-79AD-4811-90E2-8092A859565A}"
EndProject
Global
	GlobalSection(SolutionConfigurationPlatforms) = preSolution
		Debug|Any CPU = Debug|Any CPU
		Release|Any CPU = Release|Any CPU
	EndGlobalSection
	GlobalSection(ProjectConfigurationPlatforms) = postSolution
		{FDDFA153-79AD-4811-90E2-8092A859565A}.Debug|Any CPU.ActiveCfg = Debug|Any CPU
		{FDDFA153-79AD-4811-90E2-8092A859565A}.Debug|Any CPU.Build.0 = Debug|Any CPU
		{FDDFA153-79AD-4811-90E2-8092A859565A}.Release|Any CPU.ActiveCfg = Release|Any CPU
		{FDDFA153-79AD-4811-90E2-8092A859565A}.Release|Any CPU.Build.0 = Release|Any CPU
	EndGlobalSection
	GlobalSection(SolutionProperties) = preSolution
		HideSolutionNode = FALSE
	EndGlobalSection
	GlobalSection(ExtensibilityGlobals) = postSolution
		SolutionGuid = {0B13993A-D69A-4051-A54D-3353202C5989}
	EndGlobalSection
EndGlobal
