
Microsoft Visual Studio Solution File, Format Version 12.00
# Visual Studio Version 16
VisualStudioVersion = 16.0.30503.244
MinimumVisualStudioVersion = 10.0.40219.1
Project("{FAE04EC0-301F-11D3-BF4B-00C04F79EFBC}") = "Ejercicio_2_2_11_2", "Ejercicio_2_2_11_2\Ejercicio_2_2_11_2.csproj", "{581C7C43-B91C-467E-8205-D751D6192DEE}"
EndProject
Global
	GlobalSection(SolutionConfigurationPlatforms) = preSolution
		Debug|Any CPU = Debug|Any CPU
		Release|Any CPU = Release|Any CPU
	EndGlobalSection
	GlobalSection(ProjectConfigurationPlatforms) = postSolution
		{581C7C43-B91C-467E-8205-D751D6192DEE}.Debug|Any CPU.ActiveCfg = Debug|Any CPU
		{581C7C43-B91C-467E-8205-D751D6192DEE}.Debug|Any CPU.Build.0 = Debug|Any CPU
		{581C7C43-B91C-467E-8205-D751D6192DEE}.Release|Any CPU.ActiveCfg = Release|Any CPU
		{581C7C43-B91C-467E-8205-D751D6192DEE}.Release|Any CPU.Build.0 = Release|Any CPU
	EndGlobalSection
	GlobalSection(SolutionProperties) = preSolution
		HideSolutionNode = FALSE
	EndGlobalSection
	GlobalSection(ExtensibilityGlobals) = postSolution
		SolutionGuid = {9C0914AD-1415-4A42-A3EA-635AB0CE630E}
	EndGlobalSection
EndGlobal
