
Microsoft Visual Studio Solution File, Format Version 12.00
# Visual Studio Version 16
VisualStudioVersion = 16.0.30523.141
MinimumVisualStudioVersion = 10.0.40219.1
Project("{FAE04EC0-301F-11D3-BF4B-00C04F79EFBC}") = "Ejercicio_4_1_3_11", "Ejercicio_4_1_3_11\Ejercicio_4_1_3_11.csproj", "{698AFAE8-0B99-43F3-84CC-8A9901A478D9}"
EndProject
Global
	GlobalSection(SolutionConfigurationPlatforms) = preSolution
		Debug|Any CPU = Debug|Any CPU
		Release|Any CPU = Release|Any CPU
	EndGlobalSection
	GlobalSection(ProjectConfigurationPlatforms) = postSolution
		{698AFAE8-0B99-43F3-84CC-8A9901A478D9}.Debug|Any CPU.ActiveCfg = Debug|Any CPU
		{698AFAE8-0B99-43F3-84CC-8A9901A478D9}.Debug|Any CPU.Build.0 = Debug|Any CPU
		{698AFAE8-0B99-43F3-84CC-8A9901A478D9}.Release|Any CPU.ActiveCfg = Release|Any CPU
		{698AFAE8-0B99-43F3-84CC-8A9901A478D9}.Release|Any CPU.Build.0 = Release|Any CPU
	EndGlobalSection
	GlobalSection(SolutionProperties) = preSolution
		HideSolutionNode = FALSE
	EndGlobalSection
	GlobalSection(ExtensibilityGlobals) = postSolution
		SolutionGuid = {A90176F2-0A33-4096-B310-99D02F0E66F5}
	EndGlobalSection
EndGlobal
