
Microsoft Visual Studio Solution File, Format Version 12.00
# Visual Studio Version 16
VisualStudioVersion = 16.0.30523.141
MinimumVisualStudioVersion = 10.0.40219.1
Project("{FAE04EC0-301F-11D3-BF4B-00C04F79EFBC}") = "Ejercicio_3_3_1_3", "Ejercicio_3_3_1_3\Ejercicio_3_3_1_3.csproj", "{69122232-F9CF-447B-8D9C-2F138186CFE4}"
EndProject
Global
	GlobalSection(SolutionConfigurationPlatforms) = preSolution
		Debug|Any CPU = Debug|Any CPU
		Release|Any CPU = Release|Any CPU
	EndGlobalSection
	GlobalSection(ProjectConfigurationPlatforms) = postSolution
		{69122232-F9CF-447B-8D9C-2F138186CFE4}.Debug|Any CPU.ActiveCfg = Debug|Any CPU
		{69122232-F9CF-447B-8D9C-2F138186CFE4}.Debug|Any CPU.Build.0 = Debug|Any CPU
		{69122232-F9CF-447B-8D9C-2F138186CFE4}.Release|Any CPU.ActiveCfg = Release|Any CPU
		{69122232-F9CF-447B-8D9C-2F138186CFE4}.Release|Any CPU.Build.0 = Release|Any CPU
	EndGlobalSection
	GlobalSection(SolutionProperties) = preSolution
		HideSolutionNode = FALSE
	EndGlobalSection
	GlobalSection(ExtensibilityGlobals) = postSolution
		SolutionGuid = {72DCD946-896D-47F2-8745-3CB9F2DA40C3}
	EndGlobalSection
EndGlobal
