
Microsoft Visual Studio Solution File, Format Version 12.00
# Visual Studio Version 16
VisualStudioVersion = 16.0.30523.141
MinimumVisualStudioVersion = 10.0.40219.1
Project("{FAE04EC0-301F-11D3-BF4B-00C04F79EFBC}") = "Arrays Bidimensionales", "Arrays Bidimensionales\Arrays Bidimensionales.csproj", "{119D23BD-0216-49CB-8AAB-B495CD661761}"
EndProject
Global
	GlobalSection(SolutionConfigurationPlatforms) = preSolution
		Debug|Any CPU = Debug|Any CPU
		Release|Any CPU = Release|Any CPU
	EndGlobalSection
	GlobalSection(ProjectConfigurationPlatforms) = postSolution
		{119D23BD-0216-49CB-8AAB-B495CD661761}.Debug|Any CPU.ActiveCfg = Debug|Any CPU
		{119D23BD-0216-49CB-8AAB-B495CD661761}.Debug|Any CPU.Build.0 = Debug|Any CPU
		{119D23BD-0216-49CB-8AAB-B495CD661761}.Release|Any CPU.ActiveCfg = Release|Any CPU
		{119D23BD-0216-49CB-8AAB-B495CD661761}.Release|Any CPU.Build.0 = Release|Any CPU
	EndGlobalSection
	GlobalSection(SolutionProperties) = preSolution
		HideSolutionNode = FALSE
	EndGlobalSection
	GlobalSection(ExtensibilityGlobals) = postSolution
		SolutionGuid = {65594F7C-3694-4007-B4BB-64DDFB60779F}
	EndGlobalSection
EndGlobal
