
Microsoft Visual Studio Solution File, Format Version 12.00
# Visual Studio Version 16
VisualStudioVersion = 16.0.30523.141
MinimumVisualStudioVersion = 10.0.40219.1
Project("{FAE04EC0-301F-11D3-BF4B-00C04F79EFBC}") = "Ejercicio_3_2_6_2", "Ejercicio_3_2_6_2\Ejercicio_3_2_6_2.csproj", "{DD5BE7EE-584D-4259-BCDC-C1B5A3D484CA}"
EndProject
Global
	GlobalSection(SolutionConfigurationPlatforms) = preSolution
		Debug|Any CPU = Debug|Any CPU
		Release|Any CPU = Release|Any CPU
	EndGlobalSection
	GlobalSection(ProjectConfigurationPlatforms) = postSolution
		{DD5BE7EE-584D-4259-BCDC-C1B5A3D484CA}.Debug|Any CPU.ActiveCfg = Debug|Any CPU
		{DD5BE7EE-584D-4259-BCDC-C1B5A3D484CA}.Debug|Any CPU.Build.0 = Debug|Any CPU
		{DD5BE7EE-584D-4259-BCDC-C1B5A3D484CA}.Release|Any CPU.ActiveCfg = Release|Any CPU
		{DD5BE7EE-584D-4259-BCDC-C1B5A3D484CA}.Release|Any CPU.Build.0 = Release|Any CPU
	EndGlobalSection
	GlobalSection(SolutionProperties) = preSolution
		HideSolutionNode = FALSE
	EndGlobalSection
	GlobalSection(ExtensibilityGlobals) = postSolution
		SolutionGuid = {5C52F64A-44F9-4CA6-9B2A-A2A5F3BDFA9A}
	EndGlobalSection
EndGlobal
