
Microsoft Visual Studio Solution File, Format Version 12.00
# Visual Studio Version 16
VisualStudioVersion = 16.0.30503.244
MinimumVisualStudioVersion = 10.0.40219.1
Project("{FAE04EC0-301F-11D3-BF4B-00C04F79EFBC}") = "Ejercicio_3_1_4_1", "Ejercicio_3_1_4_1\Ejercicio_3_1_4_1.csproj", "{CD15ECBD-F749-4451-8D16-7203AF77938C}"
EndProject
Global
	GlobalSection(SolutionConfigurationPlatforms) = preSolution
		Debug|Any CPU = Debug|Any CPU
		Release|Any CPU = Release|Any CPU
	EndGlobalSection
	GlobalSection(ProjectConfigurationPlatforms) = postSolution
		{CD15ECBD-F749-4451-8D16-7203AF77938C}.Debug|Any CPU.ActiveCfg = Debug|Any CPU
		{CD15ECBD-F749-4451-8D16-7203AF77938C}.Debug|Any CPU.Build.0 = Debug|Any CPU
		{CD15ECBD-F749-4451-8D16-7203AF77938C}.Release|Any CPU.ActiveCfg = Release|Any CPU
		{CD15ECBD-F749-4451-8D16-7203AF77938C}.Release|Any CPU.Build.0 = Release|Any CPU
	EndGlobalSection
	GlobalSection(SolutionProperties) = preSolution
		HideSolutionNode = FALSE
	EndGlobalSection
	GlobalSection(ExtensibilityGlobals) = postSolution
		SolutionGuid = {4CBF4D9C-3DFD-47CE-AC36-6ECEC2DCA322}
	EndGlobalSection
EndGlobal
