
Microsoft Visual Studio Solution File, Format Version 12.00
# Visual Studio Version 16
VisualStudioVersion = 16.0.30523.141
MinimumVisualStudioVersion = 10.0.40219.1
Project("{FAE04EC0-301F-11D3-BF4B-00C04F79EFBC}") = "Ejercicio_4_2_3", "Ejercicio_4_2_3\Ejercicio_4_2_3.csproj", "{54F8E3EE-FFDC-4388-B578-19FA070C1E83}"
EndProject
Global
	GlobalSection(SolutionConfigurationPlatforms) = preSolution
		Debug|Any CPU = Debug|Any CPU
		Release|Any CPU = Release|Any CPU
	EndGlobalSection
	GlobalSection(ProjectConfigurationPlatforms) = postSolution
		{54F8E3EE-FFDC-4388-B578-19FA070C1E83}.Debug|Any CPU.ActiveCfg = Debug|Any CPU
		{54F8E3EE-FFDC-4388-B578-19FA070C1E83}.Debug|Any CPU.Build.0 = Debug|Any CPU
		{54F8E3EE-FFDC-4388-B578-19FA070C1E83}.Release|Any CPU.ActiveCfg = Release|Any CPU
		{54F8E3EE-FFDC-4388-B578-19FA070C1E83}.Release|Any CPU.Build.0 = Release|Any CPU
	EndGlobalSection
	GlobalSection(SolutionProperties) = preSolution
		HideSolutionNode = FALSE
	EndGlobalSection
	GlobalSection(ExtensibilityGlobals) = postSolution
		SolutionGuid = {D7B88C5B-7ACA-4C39-A9C1-C5097A41FF27}
	EndGlobalSection
EndGlobal
