
Microsoft Visual Studio Solution File, Format Version 12.00
# Visual Studio Version 16
VisualStudioVersion = 16.0.30503.244
MinimumVisualStudioVersion = 10.0.40219.1
Project("{FAE04EC0-301F-11D3-BF4B-00C04F79EFBC}") = "Ejercicio_2_6_9", "Ejercicio_2_6_9\Ejercicio_2_6_9.csproj", "{2BD6E291-1919-46A2-89F3-444EECBA6C13}"
EndProject
Global
	GlobalSection(SolutionConfigurationPlatforms) = preSolution
		Debug|Any CPU = Debug|Any CPU
		Release|Any CPU = Release|Any CPU
	EndGlobalSection
	GlobalSection(ProjectConfigurationPlatforms) = postSolution
		{2BD6E291-1919-46A2-89F3-444EECBA6C13}.Debug|Any CPU.ActiveCfg = Debug|Any CPU
		{2BD6E291-1919-46A2-89F3-444EECBA6C13}.Debug|Any CPU.Build.0 = Debug|Any CPU
		{2BD6E291-1919-46A2-89F3-444EECBA6C13}.Release|Any CPU.ActiveCfg = Release|Any CPU
		{2BD6E291-1919-46A2-89F3-444EECBA6C13}.Release|Any CPU.Build.0 = Release|Any CPU
	EndGlobalSection
	GlobalSection(SolutionProperties) = preSolution
		HideSolutionNode = FALSE
	EndGlobalSection
	GlobalSection(ExtensibilityGlobals) = postSolution
		SolutionGuid = {4FE9138A-A3DA-445A-A223-AF6963011AC1}
	EndGlobalSection
EndGlobal
