
Microsoft Visual Studio Solution File, Format Version 12.00
# Visual Studio Version 16
VisualStudioVersion = 16.0.30523.141
MinimumVisualStudioVersion = 10.0.40219.1
Project("{FAE04EC0-301F-11D3-BF4B-00C04F79EFBC}") = "Ejercicio_3_3_1_1", "Ejercicio_3_3_1_1\Ejercicio_3_3_1_1.csproj", "{91C1E116-E456-4A45-A266-98B25B2E23C0}"
EndProject
Global
	GlobalSection(SolutionConfigurationPlatforms) = preSolution
		Debug|Any CPU = Debug|Any CPU
		Release|Any CPU = Release|Any CPU
	EndGlobalSection
	GlobalSection(ProjectConfigurationPlatforms) = postSolution
		{91C1E116-E456-4A45-A266-98B25B2E23C0}.Debug|Any CPU.ActiveCfg = Debug|Any CPU
		{91C1E116-E456-4A45-A266-98B25B2E23C0}.Debug|Any CPU.Build.0 = Debug|Any CPU
		{91C1E116-E456-4A45-A266-98B25B2E23C0}.Release|Any CPU.ActiveCfg = Release|Any CPU
		{91C1E116-E456-4A45-A266-98B25B2E23C0}.Release|Any CPU.Build.0 = Release|Any CPU
	EndGlobalSection
	GlobalSection(SolutionProperties) = preSolution
		HideSolutionNode = FALSE
	EndGlobalSection
	GlobalSection(ExtensibilityGlobals) = postSolution
		SolutionGuid = {42310B91-6076-4ED1-A05B-3C8B6BC4FFB5}
	EndGlobalSection
EndGlobal
