
Microsoft Visual Studio Solution File, Format Version 12.00
# Visual Studio Version 16
VisualStudioVersion = 16.0.30523.141
MinimumVisualStudioVersion = 10.0.40219.1
Project("{FAE04EC0-301F-11D3-BF4B-00C04F79EFBC}") = "Ejercicio_4_4_6_2", "Ejercicio_4_4_6_2\Ejercicio_4_4_6_2.csproj", "{EE8F06AC-205A-420A-9BD2-6150E3AB09AB}"
EndProject
Global
	GlobalSection(SolutionConfigurationPlatforms) = preSolution
		Debug|Any CPU = Debug|Any CPU
		Release|Any CPU = Release|Any CPU
	EndGlobalSection
	GlobalSection(ProjectConfigurationPlatforms) = postSolution
		{EE8F06AC-205A-420A-9BD2-6150E3AB09AB}.Debug|Any CPU.ActiveCfg = Debug|Any CPU
		{EE8F06AC-205A-420A-9BD2-6150E3AB09AB}.Debug|Any CPU.Build.0 = Debug|Any CPU
		{EE8F06AC-205A-420A-9BD2-6150E3AB09AB}.Release|Any CPU.ActiveCfg = Release|Any CPU
		{EE8F06AC-205A-420A-9BD2-6150E3AB09AB}.Release|Any CPU.Build.0 = Release|Any CPU
	EndGlobalSection
	GlobalSection(SolutionProperties) = preSolution
		HideSolutionNode = FALSE
	EndGlobalSection
	GlobalSection(ExtensibilityGlobals) = postSolution
		SolutionGuid = {33D0922E-87B4-4D35-812E-8C70763CC4B4}
	EndGlobalSection
EndGlobal
