
Microsoft Visual Studio Solution File, Format Version 12.00
# Visual Studio Version 16
VisualStudioVersion = 16.0.30503.244
MinimumVisualStudioVersion = 10.0.40219.1
Project("{FAE04EC0-301F-11D3-BF4B-00C04F79EFBC}") = "Ejercicio_2_6_5", "Ejercicio_2_6_5\Ejercicio_2_6_5.csproj", "{52D717CA-4D3C-47B3-9D8F-14783DA3EAE9}"
EndProject
Global
	GlobalSection(SolutionConfigurationPlatforms) = preSolution
		Debug|Any CPU = Debug|Any CPU
		Release|Any CPU = Release|Any CPU
	EndGlobalSection
	GlobalSection(ProjectConfigurationPlatforms) = postSolution
		{52D717CA-4D3C-47B3-9D8F-14783DA3EAE9}.Debug|Any CPU.ActiveCfg = Debug|Any CPU
		{52D717CA-4D3C-47B3-9D8F-14783DA3EAE9}.Debug|Any CPU.Build.0 = Debug|Any CPU
		{52D717CA-4D3C-47B3-9D8F-14783DA3EAE9}.Release|Any CPU.ActiveCfg = Release|Any CPU
		{52D717CA-4D3C-47B3-9D8F-14783DA3EAE9}.Release|Any CPU.Build.0 = Release|Any CPU
	EndGlobalSection
	GlobalSection(SolutionProperties) = preSolution
		HideSolutionNode = FALSE
	EndGlobalSection
	GlobalSection(ExtensibilityGlobals) = postSolution
		SolutionGuid = {B52B965A-AFFA-4336-BE4C-8B18A916846A}
	EndGlobalSection
EndGlobal
