
Microsoft Visual Studio Solution File, Format Version 12.00
# Visual Studio Version 16
VisualStudioVersion = 16.0.30503.244
MinimumVisualStudioVersion = 10.0.40219.1
Project("{FAE04EC0-301F-11D3-BF4B-00C04F79EFBC}") = "Ejercicio_2_1_3_2", "Ejercicio_2_1_3_2\Ejercicio_2_1_3_2.csproj", "{B1E1FEE9-2B58-42DC-B7A4-C4278C201E71}"
EndProject
Global
	GlobalSection(SolutionConfigurationPlatforms) = preSolution
		Debug|Any CPU = Debug|Any CPU
		Release|Any CPU = Release|Any CPU
	EndGlobalSection
	GlobalSection(ProjectConfigurationPlatforms) = postSolution
		{B1E1FEE9-2B58-42DC-B7A4-C4278C201E71}.Debug|Any CPU.ActiveCfg = Debug|Any CPU
		{B1E1FEE9-2B58-42DC-B7A4-C4278C201E71}.Debug|Any CPU.Build.0 = Debug|Any CPU
		{B1E1FEE9-2B58-42DC-B7A4-C4278C201E71}.Release|Any CPU.ActiveCfg = Release|Any CPU
		{B1E1FEE9-2B58-42DC-B7A4-C4278C201E71}.Release|Any CPU.Build.0 = Release|Any CPU
	EndGlobalSection
	GlobalSection(SolutionProperties) = preSolution
		HideSolutionNode = FALSE
	EndGlobalSection
	GlobalSection(ExtensibilityGlobals) = postSolution
		SolutionGuid = {FA8FB662-33DF-4A51-A4D9-E07EEB5FCEF3}
	EndGlobalSection
EndGlobal
