
Microsoft Visual Studio Solution File, Format Version 12.00
# Visual Studio Version 16
VisualStudioVersion = 16.0.30503.244
MinimumVisualStudioVersion = 10.0.40219.1
Project("{FAE04EC0-301F-11D3-BF4B-00C04F79EFBC}") = "Ejercicio_2_2_6_1", "Ejercicio_2_2_6_1\Ejercicio_2_2_6_1.csproj", "{C0319324-97C0-48DE-9255-5709EFE20FAE}"
EndProject
Global
	GlobalSection(SolutionConfigurationPlatforms) = preSolution
		Debug|Any CPU = Debug|Any CPU
		Release|Any CPU = Release|Any CPU
	EndGlobalSection
	GlobalSection(ProjectConfigurationPlatforms) = postSolution
		{C0319324-97C0-48DE-9255-5709EFE20FAE}.Debug|Any CPU.ActiveCfg = Debug|Any CPU
		{C0319324-97C0-48DE-9255-5709EFE20FAE}.Debug|Any CPU.Build.0 = Debug|Any CPU
		{C0319324-97C0-48DE-9255-5709EFE20FAE}.Release|Any CPU.ActiveCfg = Release|Any CPU
		{C0319324-97C0-48DE-9255-5709EFE20FAE}.Release|Any CPU.Build.0 = Release|Any CPU
	EndGlobalSection
	GlobalSection(SolutionProperties) = preSolution
		HideSolutionNode = FALSE
	EndGlobalSection
	GlobalSection(ExtensibilityGlobals) = postSolution
		SolutionGuid = {5EF3DFCD-25CF-45BF-90D6-9EEDFA21F8A1}
	EndGlobalSection
EndGlobal
