
Microsoft Visual Studio Solution File, Format Version 12.00
# Visual Studio Version 16
VisualStudioVersion = 16.0.30523.141
MinimumVisualStudioVersion = 10.0.40219.1
Project("{FAE04EC0-301F-11D3-BF4B-00C04F79EFBC}") = "Ejercicio_3_2_6_1", "Ejercicio_3_2_6_1\Ejercicio_3_2_6_1.csproj", "{B4DCF830-6609-4CCA-B038-E3638A7968B7}"
EndProject
Global
	GlobalSection(SolutionConfigurationPlatforms) = preSolution
		Debug|Any CPU = Debug|Any CPU
		Release|Any CPU = Release|Any CPU
	EndGlobalSection
	GlobalSection(ProjectConfigurationPlatforms) = postSolution
		{B4DCF830-6609-4CCA-B038-E3638A7968B7}.Debug|Any CPU.ActiveCfg = Debug|Any CPU
		{B4DCF830-6609-4CCA-B038-E3638A7968B7}.Debug|Any CPU.Build.0 = Debug|Any CPU
		{B4DCF830-6609-4CCA-B038-E3638A7968B7}.Release|Any CPU.ActiveCfg = Release|Any CPU
		{B4DCF830-6609-4CCA-B038-E3638A7968B7}.Release|Any CPU.Build.0 = Release|Any CPU
	EndGlobalSection
	GlobalSection(SolutionProperties) = preSolution
		HideSolutionNode = FALSE
	EndGlobalSection
	GlobalSection(ExtensibilityGlobals) = postSolution
		SolutionGuid = {D545FED5-D44A-4B1B-87A5-11B5B0A6AB1F}
	EndGlobalSection
EndGlobal
