
Microsoft Visual Studio Solution File, Format Version 12.00
# Visual Studio Version 16
VisualStudioVersion = 16.0.30523.141
MinimumVisualStudioVersion = 10.0.40219.1
Project("{FAE04EC0-301F-11D3-BF4B-00C04F79EFBC}") = "Ejercicio_4_3_2_1", "Ejercicio_4_3_2_1\Ejercicio_4_3_2_1.csproj", "{DFD7E87B-0A68-41CB-841B-F869EF068DC2}"
EndProject
Global
	GlobalSection(SolutionConfigurationPlatforms) = preSolution
		Debug|Any CPU = Debug|Any CPU
		Release|Any CPU = Release|Any CPU
	EndGlobalSection
	GlobalSection(ProjectConfigurationPlatforms) = postSolution
		{DFD7E87B-0A68-41CB-841B-F869EF068DC2}.Debug|Any CPU.ActiveCfg = Debug|Any CPU
		{DFD7E87B-0A68-41CB-841B-F869EF068DC2}.Debug|Any CPU.Build.0 = Debug|Any CPU
		{DFD7E87B-0A68-41CB-841B-F869EF068DC2}.Release|Any CPU.ActiveCfg = Release|Any CPU
		{DFD7E87B-0A68-41CB-841B-F869EF068DC2}.Release|Any CPU.Build.0 = Release|Any CPU
	EndGlobalSection
	GlobalSection(SolutionProperties) = preSolution
		HideSolutionNode = FALSE
	EndGlobalSection
	GlobalSection(ExtensibilityGlobals) = postSolution
		SolutionGuid = {F5077830-D279-49B7-80E2-2C6F505F9799}
	EndGlobalSection
EndGlobal
