
Microsoft Visual Studio Solution File, Format Version 12.00
# Visual Studio Version 16
VisualStudioVersion = 16.0.30523.141
MinimumVisualStudioVersion = 10.0.40219.1
Project("{FAE04EC0-301F-11D3-BF4B-00C04F79EFBC}") = "Ejercicio_3_2_2_1", "Ejercicio_3_2_2_1\Ejercicio_3_2_2_1.csproj", "{611508D9-43C0-4B11-9580-58088F221EFB}"
EndProject
Global
	GlobalSection(SolutionConfigurationPlatforms) = preSolution
		Debug|Any CPU = Debug|Any CPU
		Release|Any CPU = Release|Any CPU
	EndGlobalSection
	GlobalSection(ProjectConfigurationPlatforms) = postSolution
		{611508D9-43C0-4B11-9580-58088F221EFB}.Debug|Any CPU.ActiveCfg = Debug|Any CPU
		{611508D9-43C0-4B11-9580-58088F221EFB}.Debug|Any CPU.Build.0 = Debug|Any CPU
		{611508D9-43C0-4B11-9580-58088F221EFB}.Release|Any CPU.ActiveCfg = Release|Any CPU
		{611508D9-43C0-4B11-9580-58088F221EFB}.Release|Any CPU.Build.0 = Release|Any CPU
	EndGlobalSection
	GlobalSection(SolutionProperties) = preSolution
		HideSolutionNode = FALSE
	EndGlobalSection
	GlobalSection(ExtensibilityGlobals) = postSolution
		SolutionGuid = {81C01DD9-771D-4927-BACD-4C5C46F8086B}
	EndGlobalSection
EndGlobal
